
Microsoft Visual Studio Solution File, Format Version 12.00
# Visual Studio 15
VisualStudioVersion = 15.0.28307.329
MinimumVisualStudioVersion = 10.0.40219.1
Project("{FAE04EC0-301F-11D3-BF4B-00C04F79EFBC}") = "ProjectWinium", "ProjectWinium\ProjectWinium.csproj", "{FCBDA822-DDD1-4E6F-A331-0569B7A4E57C}"
EndProject
Global
	GlobalSection(SolutionConfigurationPlatforms) = preSolution
		Debug|Any CPU = Debug|Any CPU
		Release|Any CPU = Release|Any CPU
	EndGlobalSection
	GlobalSection(ProjectConfigurationPlatforms) = postSolution
		{FCBDA822-DDD1-4E6F-A331-0569B7A4E57C}.Debug|Any CPU.ActiveCfg = Debug|Any CPU
		{FCBDA822-DDD1-4E6F-A331-0569B7A4E57C}.Debug|Any CPU.Build.0 = Debug|Any CPU
		{FCBDA822-DDD1-4E6F-A331-0569B7A4E57C}.Release|Any CPU.ActiveCfg = Release|Any CPU
		{FCBDA822-DDD1-4E6F-A331-0569B7A4E57C}.Release|Any CPU.Build.0 = Release|Any CPU
	EndGlobalSection
	GlobalSection(SolutionProperties) = preSolution
		HideSolutionNode = FALSE
	EndGlobalSection
	GlobalSection(ExtensibilityGlobals) = postSolution
		SolutionGuid = {0E00E65E-1166-4DE1-A8AD-8F0BC9CCAE4C}
	EndGlobalSection
EndGlobal
